
Microsoft Visual Studio Solution File, Format Version 12.00
# Visual Studio 15
VisualStudioVersion = 15.0.28307.136
MinimumVisualStudioVersion = 10.0.40219.1
Project("{FAE04EC0-301F-11D3-BF4B-00C04F79EFBC}") = "NetARFunDemo", "NetARFunDemo\NetARFunDemo.csproj", "{06C4DF6E-FFB4-4FC4-BAE9-985FF24F4596}"
EndProject
Global
	GlobalSection(SolutionConfigurationPlatforms) = preSolution
		Debug|Any CPU = Debug|Any CPU
		Release|Any CPU = Release|Any CPU
	EndGlobalSection
	GlobalSection(ProjectConfigurationPlatforms) = postSolution
		{06C4DF6E-FFB4-4FC4-BAE9-985FF24F4596}.Debug|Any CPU.ActiveCfg = Debug|Any CPU
		{06C4DF6E-FFB4-4FC4-BAE9-985FF24F4596}.Debug|Any CPU.Build.0 = Debug|Any CPU
		{06C4DF6E-FFB4-4FC4-BAE9-985FF24F4596}.Release|Any CPU.ActiveCfg = Release|Any CPU
		{06C4DF6E-FFB4-4FC4-BAE9-985FF24F4596}.Release|Any CPU.Build.0 = Release|Any CPU
	EndGlobalSection
	GlobalSection(SolutionProperties) = preSolution
		HideSolutionNode = FALSE
	EndGlobalSection
	GlobalSection(ExtensibilityGlobals) = postSolution
		SolutionGuid = {8E878FE9-D7FE-4C76-B140-AB9BB0E70865}
	EndGlobalSection
EndGlobal
